// !$*UTF8*$!
{
	archiveVersion = 1;
	classes = {
	};
	objectVersion = 56;
	objects = {

/* Begin PBXBuildFile section */
		890715D42CB08AEA0079200F /* ExploreView.swift in Sources */ = {isa = PBXBuildFile; fileRef = 890715D32CB08AEA0079200F /* ExploreView.swift */; };
		890715D92CB08B370079200F /* ExploreViewModel.swift in Sources */ = {isa = PBXBuildFile; fileRef = 890715D82CB08B370079200F /* ExploreViewModel.swift */; };
		8917C6FB2CAB2358005B3D5B /* PurchaseModalView.swift in Sources */ = {isa = PBXBuildFile; fileRef = 8917C6FA2CAB2358005B3D5B /* PurchaseModalView.swift */; };
		8917C6FD2CAB3F76005B3D5B /* StartProgramView.swift in Sources */ = {isa = PBXBuildFile; fileRef = 8917C6FC2CAB3F76005B3D5B /* StartProgramView.swift */; };
		8959323D2CF78CF700DCF3FA /* FetchTypes.swift in Sources */ = {isa = PBXBuildFile; fileRef = 8959323C2CF78CEF00DCF3FA /* FetchTypes.swift */; };
		896E018E2BFC39E90085968A /* ExerciseService.swift in Sources */ = {isa = PBXBuildFile; fileRef = 896E018D2BFC39E90085968A /* ExerciseService.swift */; };
		896E01922BFD35E30085968A /* ExerciseDetailViewModel.swift in Sources */ = {isa = PBXBuildFile; fileRef = 896E01912BFD35E30085968A /* ExerciseDetailViewModel.swift */; };
		896F30F52C227A0E0007EBFA /* VideoViewURL.swift in Sources */ = {isa = PBXBuildFile; fileRef = 896F30F42C227A0E0007EBFA /* VideoViewURL.swift */; };
		896F30F72C23BF2C0007EBFA /* VideoCell.swift in Sources */ = {isa = PBXBuildFile; fileRef = 896F30F62C23BF2C0007EBFA /* VideoCell.swift */; };
		896F31132C27BCC20007EBFA /* VideoCellFromData.swift in Sources */ = {isa = PBXBuildFile; fileRef = 896F31122C27BCC20007EBFA /* VideoCellFromData.swift */; };
		8974FC6E2CAB43A50054281D /* StartProgramViewModel.swift in Sources */ = {isa = PBXBuildFile; fileRef = 8974FC6D2CAB43A50054281D /* StartProgramViewModel.swift */; };
		89766E752CDBF3840022C4F5 /* LibraryView.swift in Sources */ = {isa = PBXBuildFile; fileRef = 89766E742CDBF3840022C4F5 /* LibraryView.swift */; };
		89766E782CDC21090022C4F5 /* TrainingView.swift in Sources */ = {isa = PBXBuildFile; fileRef = 89766E772CDC21090022C4F5 /* TrainingView.swift */; };
		89766E7B2CDC70D10022C4F5 /* TrainingViewModel.swift in Sources */ = {isa = PBXBuildFile; fileRef = 89766E7A2CDC70CD0022C4F5 /* TrainingViewModel.swift */; };
		897F09F02BC7517900E58F4A /* Stripe in Frameworks */ = {isa = PBXBuildFile; productRef = 897F09EF2BC7517900E58F4A /* Stripe */; };
		897F09F22BC7517900E58F4A /* StripeApplePay in Frameworks */ = {isa = PBXBuildFile; productRef = 897F09F12BC7517900E58F4A /* StripeApplePay */; };
		897F09F42BC7517900E58F4A /* StripeCardScan in Frameworks */ = {isa = PBXBuildFile; productRef = 897F09F32BC7517900E58F4A /* StripeCardScan */; };
		897F09F62BC7517900E58F4A /* StripeFinancialConnections in Frameworks */ = {isa = PBXBuildFile; productRef = 897F09F52BC7517900E58F4A /* StripeFinancialConnections */; };
		897F09F82BC7517900E58F4A /* StripeIdentity in Frameworks */ = {isa = PBXBuildFile; productRef = 897F09F72BC7517900E58F4A /* StripeIdentity */; };
		897F09FA2BC7517900E58F4A /* StripePaymentSheet in Frameworks */ = {isa = PBXBuildFile; productRef = 897F09F92BC7517900E58F4A /* StripePaymentSheet */; };
		897F09FC2BC7517900E58F4A /* StripePayments in Frameworks */ = {isa = PBXBuildFile; productRef = 897F09FB2BC7517900E58F4A /* StripePayments */; };
		897F09FE2BC7517900E58F4A /* StripePaymentsUI in Frameworks */ = {isa = PBXBuildFile; productRef = 897F09FD2BC7517900E58F4A /* StripePaymentsUI */; };
		897F0A302BDC673E00E58F4A /* Supabase in Frameworks */ = {isa = PBXBuildFile; productRef = 897F0A2F2BDC673E00E58F4A /* Supabase */; };
		897F0A322BDC6A6000E58F4A /* SupabaseService.swift in Sources */ = {isa = PBXBuildFile; fileRef = 897F0A312BDC6A6000E58F4A /* SupabaseService.swift */; };
		898D0B082C8F531300898957 /* UserDetailView.swift in Sources */ = {isa = PBXBuildFile; fileRef = 898D0B072C8F531300898957 /* UserDetailView.swift */; };
		898D0B0A2C8F532000898957 /* UserDetailViewModel.swift in Sources */ = {isa = PBXBuildFile; fileRef = 898D0B092C8F532000898957 /* UserDetailViewModel.swift */; };
		898D0B0C2C8F674200898957 /* UserProgramsView.swift in Sources */ = {isa = PBXBuildFile; fileRef = 898D0B0B2C8F674200898957 /* UserProgramsView.swift */; };
		898D0B102C8F722200898957 /* UserProgramsViewModel.swift in Sources */ = {isa = PBXBuildFile; fileRef = 898D0B0F2C8F722200898957 /* UserProgramsViewModel.swift */; };
		898D0B122C8F7CCB00898957 /* Navigation.swift in Sources */ = {isa = PBXBuildFile; fileRef = 898D0B112C8F7CCB00898957 /* Navigation.swift */; };
		898D0B1A2C93529800898957 /* CalendarView.swift in Sources */ = {isa = PBXBuildFile; fileRef = 898D0B192C93529800898957 /* CalendarView.swift */; };
		898D0B1C2C939E8100898957 /* DayView.swift in Sources */ = {isa = PBXBuildFile; fileRef = 898D0B1B2C939E8100898957 /* DayView.swift */; };
		898D0B1E2C939EA100898957 /* DayViewModel.swift in Sources */ = {isa = PBXBuildFile; fileRef = 898D0B1D2C939EA100898957 /* DayViewModel.swift */; };
		89930A7E2CB5CCEA004CF2B1 /* SearchProgramCell.swift in Sources */ = {isa = PBXBuildFile; fileRef = 89930A7D2CB5CCEA004CF2B1 /* SearchProgramCell.swift */; };
		89930A802CB5CCF3004CF2B1 /* SearchUserCell.swift in Sources */ = {isa = PBXBuildFile; fileRef = 89930A7F2CB5CCF3004CF2B1 /* SearchUserCell.swift */; };
		89B400182BF987B800A832AA /* WorkoutDetailViewModel.swift in Sources */ = {isa = PBXBuildFile; fileRef = 89B400172BF987B800A832AA /* WorkoutDetailViewModel.swift */; };
		89B4001A2BF9960900A832AA /* ProgramService.swift in Sources */ = {isa = PBXBuildFile; fileRef = 89B400192BF9960900A832AA /* ProgramService.swift */; };
		89D5A7A12BA64D100001CFB3 /* AtlasApp.swift in Sources */ = {isa = PBXBuildFile; fileRef = 89D5A7A02BA64D100001CFB3 /* AtlasApp.swift */; };
		89D5A7A32BA64D100001CFB3 /* UserView.swift in Sources */ = {isa = PBXBuildFile; fileRef = 89D5A7A22BA64D100001CFB3 /* UserView.swift */; };
		89D5A7A52BA64D110001CFB3 /* Assets.xcassets in Resources */ = {isa = PBXBuildFile; fileRef = 89D5A7A42BA64D110001CFB3 /* Assets.xcassets */; };
		89D5A7A82BA64D110001CFB3 /* Preview Assets.xcassets in Resources */ = {isa = PBXBuildFile; fileRef = 89D5A7A72BA64D110001CFB3 /* Preview Assets.xcassets */; };
		89D5A7FC2BA657AD0001CFB3 /* ProgramDetailView.swift in Sources */ = {isa = PBXBuildFile; fileRef = 89D5A7FB2BA657AD0001CFB3 /* ProgramDetailView.swift */; };
		89D5A8002BA657B50001CFB3 /* ProgramsView.swift in Sources */ = {isa = PBXBuildFile; fileRef = 89D5A7FF2BA657B50001CFB3 /* ProgramsView.swift */; };
		89D5A80C2BA657FA0001CFB3 /* ProfileView.swift in Sources */ = {isa = PBXBuildFile; fileRef = 89D5A80B2BA657FA0001CFB3 /* ProfileView.swift */; };
		89D5A80E2BA657FE0001CFB3 /* SettingsView.swift in Sources */ = {isa = PBXBuildFile; fileRef = 89D5A80D2BA657FE0001CFB3 /* SettingsView.swift */; };
		89D5A8102BA658130001CFB3 /* CreateAccountView.swift in Sources */ = {isa = PBXBuildFile; fileRef = 89D5A80F2BA658130001CFB3 /* CreateAccountView.swift */; };
		89D5A8122BA658170001CFB3 /* LandingPageView.swift in Sources */ = {isa = PBXBuildFile; fileRef = 89D5A8112BA658170001CFB3 /* LandingPageView.swift */; };
		89D5A8142BA6581A0001CFB3 /* LoginView.swift in Sources */ = {isa = PBXBuildFile; fileRef = 89D5A8132BA6581A0001CFB3 /* LoginView.swift */; };
		89D5A82B2BA658D50001CFB3 /* ProgramsViewModel.swift in Sources */ = {isa = PBXBuildFile; fileRef = 89D5A82A2BA658D50001CFB3 /* ProgramsViewModel.swift */; };
		89D5A82F2BA658E10001CFB3 /* ProgramDetailViewModel.swift in Sources */ = {isa = PBXBuildFile; fileRef = 89D5A82E2BA658E10001CFB3 /* ProgramDetailViewModel.swift */; };
		89D5A8372BA659170001CFB3 /* CreateAccountViewModel.swift in Sources */ = {isa = PBXBuildFile; fileRef = 89D5A8362BA659170001CFB3 /* CreateAccountViewModel.swift */; };
		89D5A8392BA659220001CFB3 /* ProfileViewModel.swift in Sources */ = {isa = PBXBuildFile; fileRef = 89D5A8382BA659220001CFB3 /* ProfileViewModel.swift */; };
		89D5A8492BA659810001CFB3 /* Validators.swift in Sources */ = {isa = PBXBuildFile; fileRef = 89D5A8482BA659810001CFB3 /* Validators.swift */; };
		89D5A84B2BA659850001CFB3 /* Design.swift in Sources */ = {isa = PBXBuildFile; fileRef = 89D5A84A2BA659850001CFB3 /* Design.swift */; };
		89D5A84F2BA659940001CFB3 /* AuthService.swift in Sources */ = {isa = PBXBuildFile; fileRef = 89D5A84E2BA659940001CFB3 /* AuthService.swift */; };
		89D5A8512BA6599A0001CFB3 /* UserService.swift in Sources */ = {isa = PBXBuildFile; fileRef = 89D5A8502BA6599A0001CFB3 /* UserService.swift */; };
		89D5A8552BA65A450001CFB3 /* WorkoutService.swift in Sources */ = {isa = PBXBuildFile; fileRef = 89D5A8542BA65A450001CFB3 /* WorkoutService.swift */; };
		89D5A8592BA65AA30001CFB3 /* StorageService.swift in Sources */ = {isa = PBXBuildFile; fileRef = 89D5A8582BA65AA30001CFB3 /* StorageService.swift */; };
		89D5A85F2BA65ABF0001CFB3 /* Program.swift in Sources */ = {isa = PBXBuildFile; fileRef = 89D5A85E2BA65ABF0001CFB3 /* Program.swift */; };
		89D5A8612BA65AC20001CFB3 /* User.swift in Sources */ = {isa = PBXBuildFile; fileRef = 89D5A8602BA65AC20001CFB3 /* User.swift */; };
		89D5A8652BA65AD90001CFB3 /* ProgramCell.swift in Sources */ = {isa = PBXBuildFile; fileRef = 89D5A8642BA65AD90001CFB3 /* ProgramCell.swift */; };
		89D5A8692BA65AE40001CFB3 /* UserCell.swift in Sources */ = {isa = PBXBuildFile; fileRef = 89D5A8682BA65AE40001CFB3 /* UserCell.swift */; };
		89D5A86B2BA65AE90001CFB3 /* WorkoutCell.swift in Sources */ = {isa = PBXBuildFile; fileRef = 89D5A86A2BA65AE90001CFB3 /* WorkoutCell.swift */; };
		89D5A86D2BA65AEF0001CFB3 /* ExerciseCell.swift in Sources */ = {isa = PBXBuildFile; fileRef = 89D5A86C2BA65AEF0001CFB3 /* ExerciseCell.swift */; };
		89D5A87C2BABC90D0001CFB3 /* WorkoutDetailView.swift in Sources */ = {isa = PBXBuildFile; fileRef = 89D5A87B2BABC90D0001CFB3 /* WorkoutDetailView.swift */; };
		89D5A87E2BACEDAF0001CFB3 /* TextFieldView.swift in Sources */ = {isa = PBXBuildFile; fileRef = 89D5A87D2BACEDAF0001CFB3 /* TextFieldView.swift */; };
		89D5A8A42BBA443C0001CFB3 /* ExerciseDetailView.swift in Sources */ = {isa = PBXBuildFile; fileRef = 89D5A8A32BBA443C0001CFB3 /* ExerciseDetailView.swift */; };
		89E046E32C1BED74006BCE71 /* Workout.swift in Sources */ = {isa = PBXBuildFile; fileRef = 89E046E22C1BED74006BCE71 /* Workout.swift */; };
		89E046E52C1BED7B006BCE71 /* Exercise.swift in Sources */ = {isa = PBXBuildFile; fileRef = 89E046E42C1BED7B006BCE71 /* Exercise.swift */; };
		89E3A83D2D02648A00624C72 /* CreatorView.swift in Sources */ = {isa = PBXBuildFile; fileRef = 89E3A83C2D02648A00624C72 /* CreatorView.swift */; };
		89E3A8472D02675000624C72 /* CreatorProgramsView.swift in Sources */ = {isa = PBXBuildFile; fileRef = 89E3A8462D02675000624C72 /* CreatorProgramsView.swift */; };
		89E3A8492D02679100624C72 /* CreatorProgramsViewModel.swift in Sources */ = {isa = PBXBuildFile; fileRef = 89E3A8482D02678C00624C72 /* CreatorProgramsViewModel.swift */; };
/* End PBXBuildFile section */

/* Begin PBXFileReference section */
		890715D32CB08AEA0079200F /* ExploreView.swift */ = {isa = PBXFileReference; lastKnownFileType = sourcecode.swift; path = ExploreView.swift; sourceTree = "<group>"; };
		890715D82CB08B370079200F /* ExploreViewModel.swift */ = {isa = PBXFileReference; lastKnownFileType = sourcecode.swift; path = ExploreViewModel.swift; sourceTree = "<group>"; };
		8917C6FA2CAB2358005B3D5B /* PurchaseModalView.swift */ = {isa = PBXFileReference; lastKnownFileType = sourcecode.swift; path = PurchaseModalView.swift; sourceTree = "<group>"; };
		8917C6FC2CAB3F76005B3D5B /* StartProgramView.swift */ = {isa = PBXFileReference; lastKnownFileType = sourcecode.swift; path = StartProgramView.swift; sourceTree = "<group>"; };
		8959323C2CF78CEF00DCF3FA /* FetchTypes.swift */ = {isa = PBXFileReference; lastKnownFileType = sourcecode.swift; path = FetchTypes.swift; sourceTree = "<group>"; };
		896E018D2BFC39E90085968A /* ExerciseService.swift */ = {isa = PBXFileReference; lastKnownFileType = sourcecode.swift; path = ExerciseService.swift; sourceTree = "<group>"; };
		896E01912BFD35E30085968A /* ExerciseDetailViewModel.swift */ = {isa = PBXFileReference; lastKnownFileType = sourcecode.swift; path = ExerciseDetailViewModel.swift; sourceTree = "<group>"; };
		896F30F42C227A0E0007EBFA /* VideoViewURL.swift */ = {isa = PBXFileReference; lastKnownFileType = sourcecode.swift; path = VideoViewURL.swift; sourceTree = "<group>"; };
		896F30F62C23BF2C0007EBFA /* VideoCell.swift */ = {isa = PBXFileReference; lastKnownFileType = sourcecode.swift; path = VideoCell.swift; sourceTree = "<group>"; };
		896F31122C27BCC20007EBFA /* VideoCellFromData.swift */ = {isa = PBXFileReference; lastKnownFileType = sourcecode.swift; path = VideoCellFromData.swift; sourceTree = "<group>"; };
		8974FC6D2CAB43A50054281D /* StartProgramViewModel.swift */ = {isa = PBXFileReference; lastKnownFileType = sourcecode.swift; path = StartProgramViewModel.swift; sourceTree = "<group>"; };
		89766E742CDBF3840022C4F5 /* LibraryView.swift */ = {isa = PBXFileReference; lastKnownFileType = sourcecode.swift; path = LibraryView.swift; sourceTree = "<group>"; };
		89766E772CDC21090022C4F5 /* TrainingView.swift */ = {isa = PBXFileReference; lastKnownFileType = sourcecode.swift; path = TrainingView.swift; sourceTree = "<group>"; };
		89766E7A2CDC70CD0022C4F5 /* TrainingViewModel.swift */ = {isa = PBXFileReference; lastKnownFileType = sourcecode.swift; path = TrainingViewModel.swift; sourceTree = "<group>"; };
		897F0A312BDC6A6000E58F4A /* SupabaseService.swift */ = {isa = PBXFileReference; lastKnownFileType = sourcecode.swift; path = SupabaseService.swift; sourceTree = "<group>"; };
		898D0B072C8F531300898957 /* UserDetailView.swift */ = {isa = PBXFileReference; lastKnownFileType = sourcecode.swift; path = UserDetailView.swift; sourceTree = "<group>"; };
		898D0B092C8F532000898957 /* UserDetailViewModel.swift */ = {isa = PBXFileReference; lastKnownFileType = sourcecode.swift; path = UserDetailViewModel.swift; sourceTree = "<group>"; };
		898D0B0B2C8F674200898957 /* UserProgramsView.swift */ = {isa = PBXFileReference; lastKnownFileType = sourcecode.swift; path = UserProgramsView.swift; sourceTree = "<group>"; };
		898D0B0F2C8F722200898957 /* UserProgramsViewModel.swift */ = {isa = PBXFileReference; lastKnownFileType = sourcecode.swift; path = UserProgramsViewModel.swift; sourceTree = "<group>"; };
		898D0B112C8F7CCB00898957 /* Navigation.swift */ = {isa = PBXFileReference; lastKnownFileType = sourcecode.swift; path = Navigation.swift; sourceTree = "<group>"; };
		898D0B192C93529800898957 /* CalendarView.swift */ = {isa = PBXFileReference; lastKnownFileType = sourcecode.swift; path = CalendarView.swift; sourceTree = "<group>"; };
		898D0B1B2C939E8100898957 /* DayView.swift */ = {isa = PBXFileReference; lastKnownFileType = sourcecode.swift; path = DayView.swift; sourceTree = "<group>"; };
		898D0B1D2C939EA100898957 /* DayViewModel.swift */ = {isa = PBXFileReference; lastKnownFileType = sourcecode.swift; path = DayViewModel.swift; sourceTree = "<group>"; };
		89930A7D2CB5CCEA004CF2B1 /* SearchProgramCell.swift */ = {isa = PBXFileReference; lastKnownFileType = sourcecode.swift; path = SearchProgramCell.swift; sourceTree = "<group>"; };
		89930A7F2CB5CCF3004CF2B1 /* SearchUserCell.swift */ = {isa = PBXFileReference; lastKnownFileType = sourcecode.swift; path = SearchUserCell.swift; sourceTree = "<group>"; };
		89B400172BF987B800A832AA /* WorkoutDetailViewModel.swift */ = {isa = PBXFileReference; lastKnownFileType = sourcecode.swift; path = WorkoutDetailViewModel.swift; sourceTree = "<group>"; };
		89B400192BF9960900A832AA /* ProgramService.swift */ = {isa = PBXFileReference; lastKnownFileType = sourcecode.swift; path = ProgramService.swift; sourceTree = "<group>"; };
		89D5A79D2BA64D100001CFB3 /* Atlas.app */ = {isa = PBXFileReference; explicitFileType = wrapper.application; includeInIndex = 0; path = Atlas.app; sourceTree = BUILT_PRODUCTS_DIR; };
		89D5A7A02BA64D100001CFB3 /* AtlasApp.swift */ = {isa = PBXFileReference; lastKnownFileType = sourcecode.swift; path = AtlasApp.swift; sourceTree = "<group>"; };
		89D5A7A22BA64D100001CFB3 /* UserView.swift */ = {isa = PBXFileReference; lastKnownFileType = sourcecode.swift; path = UserView.swift; sourceTree = "<group>"; };
		89D5A7A42BA64D110001CFB3 /* Assets.xcassets */ = {isa = PBXFileReference; lastKnownFileType = folder.assetcatalog; path = Assets.xcassets; sourceTree = "<group>"; };
		89D5A7A72BA64D110001CFB3 /* Preview Assets.xcassets */ = {isa = PBXFileReference; lastKnownFileType = folder.assetcatalog; path = "Preview Assets.xcassets"; sourceTree = "<group>"; };
		89D5A7FB2BA657AD0001CFB3 /* ProgramDetailView.swift */ = {isa = PBXFileReference; lastKnownFileType = sourcecode.swift; path = ProgramDetailView.swift; sourceTree = "<group>"; };
		89D5A7FF2BA657B50001CFB3 /* ProgramsView.swift */ = {isa = PBXFileReference; lastKnownFileType = sourcecode.swift; path = ProgramsView.swift; sourceTree = "<group>"; };
		89D5A80B2BA657FA0001CFB3 /* ProfileView.swift */ = {isa = PBXFileReference; lastKnownFileType = sourcecode.swift; path = ProfileView.swift; sourceTree = "<group>"; };
		89D5A80D2BA657FE0001CFB3 /* SettingsView.swift */ = {isa = PBXFileReference; lastKnownFileType = sourcecode.swift; path = SettingsView.swift; sourceTree = "<group>"; };
		89D5A80F2BA658130001CFB3 /* CreateAccountView.swift */ = {isa = PBXFileReference; lastKnownFileType = sourcecode.swift; path = CreateAccountView.swift; sourceTree = "<group>"; };
		89D5A8112BA658170001CFB3 /* LandingPageView.swift */ = {isa = PBXFileReference; lastKnownFileType = sourcecode.swift; path = LandingPageView.swift; sourceTree = "<group>"; };
		89D5A8132BA6581A0001CFB3 /* LoginView.swift */ = {isa = PBXFileReference; lastKnownFileType = sourcecode.swift; path = LoginView.swift; sourceTree = "<group>"; };
		89D5A82A2BA658D50001CFB3 /* ProgramsViewModel.swift */ = {isa = PBXFileReference; lastKnownFileType = sourcecode.swift; path = ProgramsViewModel.swift; sourceTree = "<group>"; };
		89D5A82E2BA658E10001CFB3 /* ProgramDetailViewModel.swift */ = {isa = PBXFileReference; lastKnownFileType = sourcecode.swift; path = ProgramDetailViewModel.swift; sourceTree = "<group>"; };
		89D5A8362BA659170001CFB3 /* CreateAccountViewModel.swift */ = {isa = PBXFileReference; lastKnownFileType = sourcecode.swift; path = CreateAccountViewModel.swift; sourceTree = "<group>"; };
		89D5A8382BA659220001CFB3 /* ProfileViewModel.swift */ = {isa = PBXFileReference; lastKnownFileType = sourcecode.swift; path = ProfileViewModel.swift; sourceTree = "<group>"; };
		89D5A8482BA659810001CFB3 /* Validators.swift */ = {isa = PBXFileReference; lastKnownFileType = sourcecode.swift; path = Validators.swift; sourceTree = "<group>"; };
		89D5A84A2BA659850001CFB3 /* Design.swift */ = {isa = PBXFileReference; lastKnownFileType = sourcecode.swift; path = Design.swift; sourceTree = "<group>"; };
		89D5A84E2BA659940001CFB3 /* AuthService.swift */ = {isa = PBXFileReference; lastKnownFileType = sourcecode.swift; path = AuthService.swift; sourceTree = "<group>"; };
		89D5A8502BA6599A0001CFB3 /* UserService.swift */ = {isa = PBXFileReference; lastKnownFileType = sourcecode.swift; path = UserService.swift; sourceTree = "<group>"; };
		89D5A8542BA65A450001CFB3 /* WorkoutService.swift */ = {isa = PBXFileReference; lastKnownFileType = sourcecode.swift; path = WorkoutService.swift; sourceTree = "<group>"; };
		89D5A8582BA65AA30001CFB3 /* StorageService.swift */ = {isa = PBXFileReference; lastKnownFileType = sourcecode.swift; path = StorageService.swift; sourceTree = "<group>"; };
		89D5A85E2BA65ABF0001CFB3 /* Program.swift */ = {isa = PBXFileReference; lastKnownFileType = sourcecode.swift; path = Program.swift; sourceTree = "<group>"; };
		89D5A8602BA65AC20001CFB3 /* User.swift */ = {isa = PBXFileReference; lastKnownFileType = sourcecode.swift; path = User.swift; sourceTree = "<group>"; };
		89D5A8642BA65AD90001CFB3 /* ProgramCell.swift */ = {isa = PBXFileReference; lastKnownFileType = sourcecode.swift; path = ProgramCell.swift; sourceTree = "<group>"; };
		89D5A8682BA65AE40001CFB3 /* UserCell.swift */ = {isa = PBXFileReference; lastKnownFileType = sourcecode.swift; path = UserCell.swift; sourceTree = "<group>"; };
		89D5A86A2BA65AE90001CFB3 /* WorkoutCell.swift */ = {isa = PBXFileReference; lastKnownFileType = sourcecode.swift; path = WorkoutCell.swift; sourceTree = "<group>"; };
		89D5A86C2BA65AEF0001CFB3 /* ExerciseCell.swift */ = {isa = PBXFileReference; lastKnownFileType = sourcecode.swift; path = ExerciseCell.swift; sourceTree = "<group>"; };
		89D5A8742BA671A20001CFB3 /* Info.plist */ = {isa = PBXFileReference; lastKnownFileType = text.plist; path = Info.plist; sourceTree = "<group>"; };
		89D5A87B2BABC90D0001CFB3 /* WorkoutDetailView.swift */ = {isa = PBXFileReference; lastKnownFileType = sourcecode.swift; path = WorkoutDetailView.swift; sourceTree = "<group>"; };
		89D5A87D2BACEDAF0001CFB3 /* TextFieldView.swift */ = {isa = PBXFileReference; lastKnownFileType = sourcecode.swift; path = TextFieldView.swift; sourceTree = "<group>"; };
		89D5A8A32BBA443C0001CFB3 /* ExerciseDetailView.swift */ = {isa = PBXFileReference; lastKnownFileType = sourcecode.swift; path = ExerciseDetailView.swift; sourceTree = "<group>"; };
		89D5A8B82BC392080001CFB3 /* Atlas.entitlements */ = {isa = PBXFileReference; lastKnownFileType = text.plist.entitlements; path = Atlas.entitlements; sourceTree = "<group>"; };
		89E046E22C1BED74006BCE71 /* Workout.swift */ = {isa = PBXFileReference; lastKnownFileType = sourcecode.swift; path = Workout.swift; sourceTree = "<group>"; };
		89E046E42C1BED7B006BCE71 /* Exercise.swift */ = {isa = PBXFileReference; lastKnownFileType = sourcecode.swift; path = Exercise.swift; sourceTree = "<group>"; };
		89E3A83C2D02648A00624C72 /* CreatorView.swift */ = {isa = PBXFileReference; lastKnownFileType = sourcecode.swift; path = CreatorView.swift; sourceTree = "<group>"; };
		89E3A8462D02675000624C72 /* CreatorProgramsView.swift */ = {isa = PBXFileReference; lastKnownFileType = sourcecode.swift; path = CreatorProgramsView.swift; sourceTree = "<group>"; };
		89E3A8482D02678C00624C72 /* CreatorProgramsViewModel.swift */ = {isa = PBXFileReference; lastKnownFileType = sourcecode.swift; path = CreatorProgramsViewModel.swift; sourceTree = "<group>"; };
/* End PBXFileReference section */

/* Begin PBXFrameworksBuildPhase section */
		89D5A79A2BA64D100001CFB3 /* Frameworks */ = {
			isa = PBXFrameworksBuildPhase;
			buildActionMask = 2147483647;
			files = (
				897F0A302BDC673E00E58F4A /* Supabase in Frameworks */,
				897F09F82BC7517900E58F4A /* StripeIdentity in Frameworks */,
				897F09FC2BC7517900E58F4A /* StripePayments in Frameworks */,
				897F09F22BC7517900E58F4A /* StripeApplePay in Frameworks */,
				897F09FE2BC7517900E58F4A /* StripePaymentsUI in Frameworks */,
				897F09F62BC7517900E58F4A /* StripeFinancialConnections in Frameworks */,
				897F09F42BC7517900E58F4A /* StripeCardScan in Frameworks */,
				897F09F02BC7517900E58F4A /* Stripe in Frameworks */,
				897F09FA2BC7517900E58F4A /* StripePaymentSheet in Frameworks */,
			);
			runOnlyForDeploymentPostprocessing = 0;
		};
/* End PBXFrameworksBuildPhase section */

/* Begin PBXGroup section */
		890715D62CB08B160079200F /* Explore */ = {
			isa = PBXGroup;
			children = (
				890715D32CB08AEA0079200F /* ExploreView.swift */,
			);
			path = Explore;
			sourceTree = "<group>";
		};
		890715D72CB08B290079200F /* Explore */ = {
			isa = PBXGroup;
			children = (
				890715D82CB08B370079200F /* ExploreViewModel.swift */,
			);
			path = Explore;
			sourceTree = "<group>";
		};
		89766E732CDBF3690022C4F5 /* Library */ = {
			isa = PBXGroup;
			children = (
				89766E742CDBF3840022C4F5 /* LibraryView.swift */,
			);
			path = Library;
			sourceTree = "<group>";
		};
		89766E762CDC20ED0022C4F5 /* Training */ = {
			isa = PBXGroup;
			children = (
				89766E772CDC21090022C4F5 /* TrainingView.swift */,
			);
			path = Training;
			sourceTree = "<group>";
		};
		89766E792CDC70C20022C4F5 /* Training */ = {
			isa = PBXGroup;
			children = (
				89766E7A2CDC70CD0022C4F5 /* TrainingViewModel.swift */,
			);
			path = Training;
			sourceTree = "<group>";
		};
		897F0A2E2BDC673E00E58F4A /* Frameworks */ = {
			isa = PBXGroup;
			children = (
			);
			name = Frameworks;
			sourceTree = "<group>";
		};
		898D0AF82C8E693C00898957 /* User */ = {
			isa = PBXGroup;
			children = (
				898D0B072C8F531300898957 /* UserDetailView.swift */,
				898D0B0B2C8F674200898957 /* UserProgramsView.swift */,
			);
			path = User;
			sourceTree = "<group>";
		};
		898D0B002C8E94EA00898957 /* User */ = {
			isa = PBXGroup;
			children = (
				898D0B092C8F532000898957 /* UserDetailViewModel.swift */,
				898D0B0F2C8F722200898957 /* UserProgramsViewModel.swift */,
			);
			path = User;
			sourceTree = "<group>";
		};
		89D5A7942BA64D100001CFB3 = {
			isa = PBXGroup;
			children = (
				89D5A79F2BA64D100001CFB3 /* Atlas */,
				89D5A79E2BA64D100001CFB3 /* Products */,
				897F0A2E2BDC673E00E58F4A /* Frameworks */,
			);
			sourceTree = "<group>";
		};
		89D5A79E2BA64D100001CFB3 /* Products */ = {
			isa = PBXGroup;
			children = (
				89D5A79D2BA64D100001CFB3 /* Atlas.app */,
			);
			name = Products;
			sourceTree = "<group>";
		};
		89D5A79F2BA64D100001CFB3 /* Atlas */ = {
			isa = PBXGroup;
			children = (
				89D5A7D32BA654C60001CFB3 /* Views */,
				89D5A7D42BA654CA0001CFB3 /* ViewModels */,
				89D5A7D52BA654EA0001CFB3 /* Models */,
				89D5A7D62BA655120001CFB3 /* Services */,
				89D5A7D72BA655210001CFB3 /* Supporting */,
				89D5A7D82BA6552E0001CFB3 /* Cells */,
				89D5A7A42BA64D110001CFB3 /* Assets.xcassets */,
				89D5A8742BA671A20001CFB3 /* Info.plist */,
				89D5A8B82BC392080001CFB3 /* Atlas.entitlements */,
				89D5A7A62BA64D110001CFB3 /* Preview Content */,
			);
			path = Atlas;
			sourceTree = "<group>";
		};
		89D5A7A62BA64D110001CFB3 /* Preview Content */ = {
			isa = PBXGroup;
			children = (
				89D5A7A72BA64D110001CFB3 /* Preview Assets.xcassets */,
			);
			path = "Preview Content";
			sourceTree = "<group>";
		};
		89D5A7D32BA654C60001CFB3 /* Views */ = {
			isa = PBXGroup;
			children = (
				89E3A83E2D02667C00624C72 /* Creator */,
				89766E762CDC20ED0022C4F5 /* Training */,
				890715D62CB08B160079200F /* Explore */,
				89F6980E2BEE74EE00DFB3AD /* Program */,
				89D5A7DD2BA656BD0001CFB3 /* Workout */,
				89F6980F2BEE74F800DFB3AD /* Exercise */,
				89766E732CDBF3690022C4F5 /* Library */,
				898D0AF82C8E693C00898957 /* User */,
				89D5A7DB2BA656A90001CFB3 /* Profile */,
				89D5A7DA2BA656A40001CFB3 /* Onboarding */,
				89D5A7D92BA656950001CFB3 /* Setup */,
			);
			path = Views;
			sourceTree = "<group>";
		};
		89D5A7D42BA654CA0001CFB3 /* ViewModels */ = {
			isa = PBXGroup;
			children = (
				89E3A8422D02669500624C72 /* Creator */,
				89766E792CDC70C20022C4F5 /* Training */,
				890715D72CB08B290079200F /* Explore */,
				89F698102BEE755000DFB3AD /* Program */,
				89D5A8182BA6584D0001CFB3 /* Workout */,
				89F698112BEE755B00DFB3AD /* Exercise */,
				898D0B002C8E94EA00898957 /* User */,
				89D5A8162BA6583E0001CFB3 /* Profile */,
				89D5A8152BA658380001CFB3 /* Onboarding */,
			);
			path = ViewModels;
			sourceTree = "<group>";
		};
		89D5A7D52BA654EA0001CFB3 /* Models */ = {
			isa = PBXGroup;
			children = (
				8959323C2CF78CEF00DCF3FA /* FetchTypes.swift */,
				89D5A85E2BA65ABF0001CFB3 /* Program.swift */,
				89E046E22C1BED74006BCE71 /* Workout.swift */,
				89E046E42C1BED7B006BCE71 /* Exercise.swift */,
				89D5A8602BA65AC20001CFB3 /* User.swift */,
				898D0B112C8F7CCB00898957 /* Navigation.swift */,
			);
			path = Models;
			sourceTree = "<group>";
		};
		89D5A7D62BA655120001CFB3 /* Services */ = {
			isa = PBXGroup;
			children = (
				89B400192BF9960900A832AA /* ProgramService.swift */,
				89D5A8542BA65A450001CFB3 /* WorkoutService.swift */,
				896E018D2BFC39E90085968A /* ExerciseService.swift */,
				89D5A8502BA6599A0001CFB3 /* UserService.swift */,
				89D5A84E2BA659940001CFB3 /* AuthService.swift */,
				89D5A8582BA65AA30001CFB3 /* StorageService.swift */,
				897F0A312BDC6A6000E58F4A /* SupabaseService.swift */,
			);
			path = Services;
			sourceTree = "<group>";
		};
		89D5A7D72BA655210001CFB3 /* Supporting */ = {
			isa = PBXGroup;
			children = (
				89D5A8482BA659810001CFB3 /* Validators.swift */,
				89D5A84A2BA659850001CFB3 /* Design.swift */,
				89D5A87D2BACEDAF0001CFB3 /* TextFieldView.swift */,
			);
			path = Supporting;
			sourceTree = "<group>";
		};
		89D5A7D82BA6552E0001CFB3 /* Cells */ = {
			isa = PBXGroup;
			children = (
				89D5A8642BA65AD90001CFB3 /* ProgramCell.swift */,
				89D5A8682BA65AE40001CFB3 /* UserCell.swift */,
				89D5A86A2BA65AE90001CFB3 /* WorkoutCell.swift */,
				89D5A86C2BA65AEF0001CFB3 /* ExerciseCell.swift */,
				896F30F62C23BF2C0007EBFA /* VideoCell.swift */,
				896F31122C27BCC20007EBFA /* VideoCellFromData.swift */,
				89930A7D2CB5CCEA004CF2B1 /* SearchProgramCell.swift */,
				89930A7F2CB5CCF3004CF2B1 /* SearchUserCell.swift */,
			);
			path = Cells;
			sourceTree = "<group>";
		};
		89D5A7D92BA656950001CFB3 /* Setup */ = {
			isa = PBXGroup;
			children = (
				89D5A7A02BA64D100001CFB3 /* AtlasApp.swift */,
				89D5A7A22BA64D100001CFB3 /* UserView.swift */,
				89E3A83C2D02648A00624C72 /* CreatorView.swift */,
			);
			path = Setup;
			sourceTree = "<group>";
		};
		89D5A7DA2BA656A40001CFB3 /* Onboarding */ = {
			isa = PBXGroup;
			children = (
				89D5A8112BA658170001CFB3 /* LandingPageView.swift */,
				89D5A8132BA6581A0001CFB3 /* LoginView.swift */,
				89D5A80F2BA658130001CFB3 /* CreateAccountView.swift */,
			);
			path = Onboarding;
			sourceTree = "<group>";
		};
		89D5A7DB2BA656A90001CFB3 /* Profile */ = {
			isa = PBXGroup;
			children = (
				89D5A80B2BA657FA0001CFB3 /* ProfileView.swift */,
				89D5A80D2BA657FE0001CFB3 /* SettingsView.swift */,
			);
			path = Profile;
			sourceTree = "<group>";
		};
		89D5A7DD2BA656BD0001CFB3 /* Workout */ = {
			isa = PBXGroup;
			children = (
				89D5A87B2BABC90D0001CFB3 /* WorkoutDetailView.swift */,
			);
			path = Workout;
			sourceTree = "<group>";
		};
		89D5A8152BA658380001CFB3 /* Onboarding */ = {
			isa = PBXGroup;
			children = (
				89D5A8362BA659170001CFB3 /* CreateAccountViewModel.swift */,
			);
			path = Onboarding;
			sourceTree = "<group>";
		};
		89D5A8162BA6583E0001CFB3 /* Profile */ = {
			isa = PBXGroup;
			children = (
				89D5A8382BA659220001CFB3 /* ProfileViewModel.swift */,
			);
			path = Profile;
			sourceTree = "<group>";
		};
		89D5A8182BA6584D0001CFB3 /* Workout */ = {
			isa = PBXGroup;
			children = (
				89B400172BF987B800A832AA /* WorkoutDetailViewModel.swift */,
			);
			path = Workout;
			sourceTree = "<group>";
		};
		89E3A83E2D02667C00624C72 /* Creator */ = {
			isa = PBXGroup;
			children = (
				89E3A83F2D02668200624C72 /* Program */,
				89E3A8402D02668900624C72 /* Workout */,
				89E3A8412D02668C00624C72 /* Exercise */,
			);
			path = Creator;
			sourceTree = "<group>";
		};
		89E3A83F2D02668200624C72 /* Program */ = {
			isa = PBXGroup;
			children = (
				89E3A8462D02675000624C72 /* CreatorProgramsView.swift */,
			);
			path = Program;
			sourceTree = "<group>";
		};
		89E3A8402D02668900624C72 /* Workout */ = {
			isa = PBXGroup;
			children = (
			);
			path = Workout;
			sourceTree = "<group>";
		};
		89E3A8412D02668C00624C72 /* Exercise */ = {
			isa = PBXGroup;
			children = (
			);
			path = Exercise;
			sourceTree = "<group>";
		};
		89E3A8422D02669500624C72 /* Creator */ = {
			isa = PBXGroup;
			children = (
				89E3A8452D0266A200624C72 /* Program */,
				89E3A8442D02669F00624C72 /* Workout */,
				89E3A8432D02669A00624C72 /* Exercise */,
			);
			path = Creator;
			sourceTree = "<group>";
		};
		89E3A8432D02669A00624C72 /* Exercise */ = {
			isa = PBXGroup;
			children = (
			);
			path = Exercise;
			sourceTree = "<group>";
		};
		89E3A8442D02669F00624C72 /* Workout */ = {
			isa = PBXGroup;
			children = (
			);
			path = Workout;
			sourceTree = "<group>";
		};
		89E3A8452D0266A200624C72 /* Program */ = {
			isa = PBXGroup;
			children = (
				89E3A8482D02678C00624C72 /* CreatorProgramsViewModel.swift */,
			);
			path = Program;
			sourceTree = "<group>";
		};
		89F6980E2BEE74EE00DFB3AD /* Program */ = {
			isa = PBXGroup;
			children = (
				89D5A7FF2BA657B50001CFB3 /* ProgramsView.swift */,
				89D5A7FB2BA657AD0001CFB3 /* ProgramDetailView.swift */,
				898D0B192C93529800898957 /* CalendarView.swift */,
				898D0B1B2C939E8100898957 /* DayView.swift */,
				8917C6FA2CAB2358005B3D5B /* PurchaseModalView.swift */,
				8917C6FC2CAB3F76005B3D5B /* StartProgramView.swift */,
			);
			path = Program;
			sourceTree = "<group>";
		};
		89F6980F2BEE74F800DFB3AD /* Exercise */ = {
			isa = PBXGroup;
			children = (
				89D5A8A32BBA443C0001CFB3 /* ExerciseDetailView.swift */,
				896F30F42C227A0E0007EBFA /* VideoViewURL.swift */,
			);
			path = Exercise;
			sourceTree = "<group>";
		};
		89F698102BEE755000DFB3AD /* Program */ = {
			isa = PBXGroup;
			children = (
				89D5A82A2BA658D50001CFB3 /* ProgramsViewModel.swift */,
				89D5A82E2BA658E10001CFB3 /* ProgramDetailViewModel.swift */,
				898D0B1D2C939EA100898957 /* DayViewModel.swift */,
				8974FC6D2CAB43A50054281D /* StartProgramViewModel.swift */,
			);
			path = Program;
			sourceTree = "<group>";
		};
		89F698112BEE755B00DFB3AD /* Exercise */ = {
			isa = PBXGroup;
			children = (
				896E01912BFD35E30085968A /* ExerciseDetailViewModel.swift */,
			);
			path = Exercise;
			sourceTree = "<group>";
		};
/* End PBXGroup section */

/* Begin PBXNativeTarget section */
		89D5A79C2BA64D100001CFB3 /* Atlas */ = {
			isa = PBXNativeTarget;
			buildConfigurationList = 89D5A7AB2BA64D110001CFB3 /* Build configuration list for PBXNativeTarget "Atlas" */;
			buildPhases = (
				89D5A7992BA64D100001CFB3 /* Sources */,
				89D5A79A2BA64D100001CFB3 /* Frameworks */,
				89D5A79B2BA64D100001CFB3 /* Resources */,
			);
			buildRules = (
			);
			dependencies = (
			);
			name = Atlas;
			packageProductDependencies = (
				897F09EF2BC7517900E58F4A /* Stripe */,
				897F09F12BC7517900E58F4A /* StripeApplePay */,
				897F09F32BC7517900E58F4A /* StripeCardScan */,
				897F09F52BC7517900E58F4A /* StripeFinancialConnections */,
				897F09F72BC7517900E58F4A /* StripeIdentity */,
				897F09F92BC7517900E58F4A /* StripePaymentSheet */,
				897F09FB2BC7517900E58F4A /* StripePayments */,
				897F09FD2BC7517900E58F4A /* StripePaymentsUI */,
				897F0A2F2BDC673E00E58F4A /* Supabase */,
			);
			productName = stayhard;
			productReference = 89D5A79D2BA64D100001CFB3 /* Atlas.app */;
			productType = "com.apple.product-type.application";
		};
/* End PBXNativeTarget section */

/* Begin PBXProject section */
		89D5A7952BA64D100001CFB3 /* Project object */ = {
			isa = PBXProject;
			attributes = {
				BuildIndependentTargetsInParallel = 1;
				LastSwiftUpdateCheck = 1530;
				LastUpgradeCheck = 1530;
				TargetAttributes = {
					89D5A79C2BA64D100001CFB3 = {
						CreatedOnToolsVersion = 15.3;
					};
				};
			};
			buildConfigurationList = 89D5A7982BA64D100001CFB3 /* Build configuration list for PBXProject "Atlas" */;
			compatibilityVersion = "Xcode 14.0";
			developmentRegion = en;
			hasScannedForEncodings = 0;
			knownRegions = (
				en,
				Base,
			);
			mainGroup = 89D5A7942BA64D100001CFB3;
			packageReferences = (
				897F09EE2BC7517900E58F4A /* XCRemoteSwiftPackageReference "stripe-ios-spm" */,
				897F0A232BDC642F00E58F4A /* XCRemoteSwiftPackageReference "supabase-swift" */,
			);
			productRefGroup = 89D5A79E2BA64D100001CFB3 /* Products */;
			projectDirPath = "";
			projectRoot = "";
			targets = (
				89D5A79C2BA64D100001CFB3 /* Atlas */,
			);
		};
/* End PBXProject section */

/* Begin PBXResourcesBuildPhase section */
		89D5A79B2BA64D100001CFB3 /* Resources */ = {
			isa = PBXResourcesBuildPhase;
			buildActionMask = 2147483647;
			files = (
				89D5A7A82BA64D110001CFB3 /* Preview Assets.xcassets in Resources */,
				89D5A7A52BA64D110001CFB3 /* Assets.xcassets in Resources */,
			);
			runOnlyForDeploymentPostprocessing = 0;
		};
/* End PBXResourcesBuildPhase section */

/* Begin PBXSourcesBuildPhase section */
		89D5A7992BA64D100001CFB3 /* Sources */ = {
			isa = PBXSourcesBuildPhase;
			buildActionMask = 2147483647;
			files = (
				89D5A8552BA65A450001CFB3 /* WorkoutService.swift in Sources */,
				89D5A8A42BBA443C0001CFB3 /* ExerciseDetailView.swift in Sources */,
				89766E752CDBF3840022C4F5 /* LibraryView.swift in Sources */,
				89D5A84B2BA659850001CFB3 /* Design.swift in Sources */,
				896F30F72C23BF2C0007EBFA /* VideoCell.swift in Sources */,
				896E018E2BFC39E90085968A /* ExerciseService.swift in Sources */,
				89D5A8142BA6581A0001CFB3 /* LoginView.swift in Sources */,
				89B400182BF987B800A832AA /* WorkoutDetailViewModel.swift in Sources */,
				89E3A8472D02675000624C72 /* CreatorProgramsView.swift in Sources */,
				89930A7E2CB5CCEA004CF2B1 /* SearchProgramCell.swift in Sources */,
				89D5A87C2BABC90D0001CFB3 /* WorkoutDetailView.swift in Sources */,
				89E046E32C1BED74006BCE71 /* Workout.swift in Sources */,
				89D5A82B2BA658D50001CFB3 /* ProgramsViewModel.swift in Sources */,
				89D5A8002BA657B50001CFB3 /* ProgramsView.swift in Sources */,
				898D0B1E2C939EA100898957 /* DayViewModel.swift in Sources */,
				89D5A8492BA659810001CFB3 /* Validators.swift in Sources */,
				89D5A80C2BA657FA0001CFB3 /* ProfileView.swift in Sources */,
				89E046E52C1BED7B006BCE71 /* Exercise.swift in Sources */,
				89D5A8592BA65AA30001CFB3 /* StorageService.swift in Sources */,
				8917C6FB2CAB2358005B3D5B /* PurchaseModalView.swift in Sources */,
				890715D92CB08B370079200F /* ExploreViewModel.swift in Sources */,
				89D5A84F2BA659940001CFB3 /* AuthService.swift in Sources */,
				89D5A82F2BA658E10001CFB3 /* ProgramDetailViewModel.swift in Sources */,
				89D5A86B2BA65AE90001CFB3 /* WorkoutCell.swift in Sources */,
				89D5A8372BA659170001CFB3 /* CreateAccountViewModel.swift in Sources */,
				89D5A7A32BA64D100001CFB3 /* UserView.swift in Sources */,
				89D5A8692BA65AE40001CFB3 /* UserCell.swift in Sources */,
				89D5A87E2BACEDAF0001CFB3 /* TextFieldView.swift in Sources */,
				898D0B0A2C8F532000898957 /* UserDetailViewModel.swift in Sources */,
				898D0B082C8F531300898957 /* UserDetailView.swift in Sources */,
				89D5A8392BA659220001CFB3 /* ProfileViewModel.swift in Sources */,
				89D5A8652BA65AD90001CFB3 /* ProgramCell.swift in Sources */,
				89D5A8512BA6599A0001CFB3 /* UserService.swift in Sources */,
				890715D42CB08AEA0079200F /* ExploreView.swift in Sources */,
				8917C6FD2CAB3F76005B3D5B /* StartProgramView.swift in Sources */,
				89B4001A2BF9960900A832AA /* ProgramService.swift in Sources */,
				89930A802CB5CCF3004CF2B1 /* SearchUserCell.swift in Sources */,
				89D5A86D2BA65AEF0001CFB3 /* ExerciseCell.swift in Sources */,
				89E3A83D2D02648A00624C72 /* CreatorView.swift in Sources */,
				898D0B1C2C939E8100898957 /* DayView.swift in Sources */,
				898D0B0C2C8F674200898957 /* UserProgramsView.swift in Sources */,
				897F0A322BDC6A6000E58F4A /* SupabaseService.swift in Sources */,
				8959323D2CF78CF700DCF3FA /* FetchTypes.swift in Sources */,
				896F30F52C227A0E0007EBFA /* VideoViewURL.swift in Sources */,
				89D5A8102BA658130001CFB3 /* CreateAccountView.swift in Sources */,
				898D0B102C8F722200898957 /* UserProgramsViewModel.swift in Sources */,
				89D5A7FC2BA657AD0001CFB3 /* ProgramDetailView.swift in Sources */,
				89D5A7A12BA64D100001CFB3 /* AtlasApp.swift in Sources */,
				89E3A8492D02679100624C72 /* CreatorProgramsViewModel.swift in Sources */,
				89D5A8122BA658170001CFB3 /* LandingPageView.swift in Sources */,
				89766E7B2CDC70D10022C4F5 /* TrainingViewModel.swift in Sources */,
				896E01922BFD35E30085968A /* ExerciseDetailViewModel.swift in Sources */,
				8974FC6E2CAB43A50054281D /* StartProgramViewModel.swift in Sources */,
				89D5A85F2BA65ABF0001CFB3 /* Program.swift in Sources */,
				89D5A80E2BA657FE0001CFB3 /* SettingsView.swift in Sources */,
				896F31132C27BCC20007EBFA /* VideoCellFromData.swift in Sources */,
				898D0B1A2C93529800898957 /* CalendarView.swift in Sources */,
				89766E782CDC21090022C4F5 /* TrainingView.swift in Sources */,
				898D0B122C8F7CCB00898957 /* Navigation.swift in Sources */,
				89D5A8612BA65AC20001CFB3 /* User.swift in Sources */,
			);
			runOnlyForDeploymentPostprocessing = 0;
		};
/* End PBXSourcesBuildPhase section */

/* Begin XCBuildConfiguration section */
		89D5A7A92BA64D110001CFB3 /* Debug */ = {
			isa = XCBuildConfiguration;
			buildSettings = {
				ALWAYS_SEARCH_USER_PATHS = NO;
				ASSETCATALOG_COMPILER_GENERATE_SWIFT_ASSET_SYMBOL_EXTENSIONS = YES;
				CLANG_ANALYZER_NONNULL = YES;
				CLANG_ANALYZER_NUMBER_OBJECT_CONVERSION = YES_AGGRESSIVE;
				CLANG_CXX_LANGUAGE_STANDARD = "gnu++20";
				CLANG_ENABLE_MODULES = YES;
				CLANG_ENABLE_OBJC_ARC = YES;
				CLANG_ENABLE_OBJC_WEAK = YES;
				CLANG_WARN_BLOCK_CAPTURE_AUTORELEASING = YES;
				CLANG_WARN_BOOL_CONVERSION = YES;
				CLANG_WARN_COMMA = YES;
				CLANG_WARN_CONSTANT_CONVERSION = YES;
				CLANG_WARN_DEPRECATED_OBJC_IMPLEMENTATIONS = YES;
				CLANG_WARN_DIRECT_OBJC_ISA_USAGE = YES_ERROR;
				CLANG_WARN_DOCUMENTATION_COMMENTS = YES;
				CLANG_WARN_EMPTY_BODY = YES;
				CLANG_WARN_ENUM_CONVERSION = YES;
				CLANG_WARN_INFINITE_RECURSION = YES;
				CLANG_WARN_INT_CONVERSION = YES;
				CLANG_WARN_NON_LITERAL_NULL_CONVERSION = YES;
				CLANG_WARN_OBJC_IMPLICIT_RETAIN_SELF = YES;
				CLANG_WARN_OBJC_LITERAL_CONVERSION = YES;
				CLANG_WARN_OBJC_ROOT_CLASS = YES_ERROR;
				CLANG_WARN_QUOTED_INCLUDE_IN_FRAMEWORK_HEADER = YES;
				CLANG_WARN_RANGE_LOOP_ANALYSIS = YES;
				CLANG_WARN_STRICT_PROTOTYPES = YES;
				CLANG_WARN_SUSPICIOUS_MOVE = YES;
				CLANG_WARN_UNGUARDED_AVAILABILITY = YES_AGGRESSIVE;
				CLANG_WARN_UNREACHABLE_CODE = YES;
				CLANG_WARN__DUPLICATE_METHOD_MATCH = YES;
				COPY_PHASE_STRIP = NO;
				DEBUG_INFORMATION_FORMAT = dwarf;
				ENABLE_STRICT_OBJC_MSGSEND = YES;
				ENABLE_TESTABILITY = YES;
				ENABLE_USER_SCRIPT_SANDBOXING = YES;
				GCC_C_LANGUAGE_STANDARD = gnu17;
				GCC_DYNAMIC_NO_PIC = NO;
				GCC_NO_COMMON_BLOCKS = YES;
				GCC_OPTIMIZATION_LEVEL = 0;
				GCC_PREPROCESSOR_DEFINITIONS = (
					"DEBUG=1",
					"$(inherited)",
				);
				GCC_WARN_64_TO_32_BIT_CONVERSION = YES;
				GCC_WARN_ABOUT_RETURN_TYPE = YES_ERROR;
				GCC_WARN_UNDECLARED_SELECTOR = YES;
				GCC_WARN_UNINITIALIZED_AUTOS = YES_AGGRESSIVE;
				GCC_WARN_UNUSED_FUNCTION = YES;
				GCC_WARN_UNUSED_VARIABLE = YES;
				IPHONEOS_DEPLOYMENT_TARGET = 17.4;
				LOCALIZATION_PREFERS_STRING_CATALOGS = YES;
				MTL_ENABLE_DEBUG_INFO = INCLUDE_SOURCE;
				MTL_FAST_MATH = YES;
				ONLY_ACTIVE_ARCH = YES;
				SDKROOT = iphoneos;
				SWIFT_ACTIVE_COMPILATION_CONDITIONS = "DEBUG $(inherited)";
				SWIFT_OPTIMIZATION_LEVEL = "-Onone";
			};
			name = Debug;
		};
		89D5A7AA2BA64D110001CFB3 /* Release */ = {
			isa = XCBuildConfiguration;
			buildSettings = {
				ALWAYS_SEARCH_USER_PATHS = NO;
				ASSETCATALOG_COMPILER_GENERATE_SWIFT_ASSET_SYMBOL_EXTENSIONS = YES;
				CLANG_ANALYZER_NONNULL = YES;
				CLANG_ANALYZER_NUMBER_OBJECT_CONVERSION = YES_AGGRESSIVE;
				CLANG_CXX_LANGUAGE_STANDARD = "gnu++20";
				CLANG_ENABLE_MODULES = YES;
				CLANG_ENABLE_OBJC_ARC = YES;
				CLANG_ENABLE_OBJC_WEAK = YES;
				CLANG_WARN_BLOCK_CAPTURE_AUTORELEASING = YES;
				CLANG_WARN_BOOL_CONVERSION = YES;
				CLANG_WARN_COMMA = YES;
				CLANG_WARN_CONSTANT_CONVERSION = YES;
				CLANG_WARN_DEPRECATED_OBJC_IMPLEMENTATIONS = YES;
				CLANG_WARN_DIRECT_OBJC_ISA_USAGE = YES_ERROR;
				CLANG_WARN_DOCUMENTATION_COMMENTS = YES;
				CLANG_WARN_EMPTY_BODY = YES;
				CLANG_WARN_ENUM_CONVERSION = YES;
				CLANG_WARN_INFINITE_RECURSION = YES;
				CLANG_WARN_INT_CONVERSION = YES;
				CLANG_WARN_NON_LITERAL_NULL_CONVERSION = YES;
				CLANG_WARN_OBJC_IMPLICIT_RETAIN_SELF = YES;
				CLANG_WARN_OBJC_LITERAL_CONVERSION = YES;
				CLANG_WARN_OBJC_ROOT_CLASS = YES_ERROR;
				CLANG_WARN_QUOTED_INCLUDE_IN_FRAMEWORK_HEADER = YES;
				CLANG_WARN_RANGE_LOOP_ANALYSIS = YES;
				CLANG_WARN_STRICT_PROTOTYPES = YES;
				CLANG_WARN_SUSPICIOUS_MOVE = YES;
				CLANG_WARN_UNGUARDED_AVAILABILITY = YES_AGGRESSIVE;
				CLANG_WARN_UNREACHABLE_CODE = YES;
				CLANG_WARN__DUPLICATE_METHOD_MATCH = YES;
				COPY_PHASE_STRIP = NO;
				DEBUG_INFORMATION_FORMAT = "dwarf-with-dsym";
				ENABLE_NS_ASSERTIONS = NO;
				ENABLE_STRICT_OBJC_MSGSEND = YES;
				ENABLE_USER_SCRIPT_SANDBOXING = YES;
				GCC_C_LANGUAGE_STANDARD = gnu17;
				GCC_NO_COMMON_BLOCKS = YES;
				GCC_WARN_64_TO_32_BIT_CONVERSION = YES;
				GCC_WARN_ABOUT_RETURN_TYPE = YES_ERROR;
				GCC_WARN_UNDECLARED_SELECTOR = YES;
				GCC_WARN_UNINITIALIZED_AUTOS = YES_AGGRESSIVE;
				GCC_WARN_UNUSED_FUNCTION = YES;
				GCC_WARN_UNUSED_VARIABLE = YES;
				IPHONEOS_DEPLOYMENT_TARGET = 17.4;
				LOCALIZATION_PREFERS_STRING_CATALOGS = YES;
				MTL_ENABLE_DEBUG_INFO = NO;
				MTL_FAST_MATH = YES;
				SDKROOT = iphoneos;
				SWIFT_COMPILATION_MODE = wholemodule;
				VALIDATE_PRODUCT = YES;
			};
			name = Release;
		};
		89D5A7AC2BA64D110001CFB3 /* Debug */ = {
			isa = XCBuildConfiguration;
			buildSettings = {
				ASSETCATALOG_COMPILER_APPICON_NAME = AppIcon;
				ASSETCATALOG_COMPILER_GLOBAL_ACCENT_COLOR_NAME = AccentColor;
				CODE_SIGN_ENTITLEMENTS = Atlas/Atlas.entitlements;
				CODE_SIGN_STYLE = Automatic;
				CURRENT_PROJECT_VERSION = 5;
				DEVELOPMENT_ASSET_PATHS = "\"Atlas/Preview Content\"";
				DEVELOPMENT_TEAM = T2V9U83CKZ;
				ENABLE_PREVIEWS = YES;
				GENERATE_INFOPLIST_FILE = YES;
				INFOPLIST_FILE = Atlas/Info.plist;
				INFOPLIST_KEY_LSApplicationCategoryType = "public.app-category.healthcare-fitness";
				INFOPLIST_KEY_UIApplicationSceneManifest_Generation = YES;
				INFOPLIST_KEY_UIApplicationSupportsIndirectInputEvents = YES;
				INFOPLIST_KEY_UILaunchScreen_Generation = YES;
				INFOPLIST_KEY_UISupportedInterfaceOrientations_iPad = "UIInterfaceOrientationPortrait UIInterfaceOrientationPortraitUpsideDown UIInterfaceOrientationLandscapeLeft UIInterfaceOrientationLandscapeRight";
				INFOPLIST_KEY_UISupportedInterfaceOrientations_iPhone = "UIInterfaceOrientationPortrait UIInterfaceOrientationLandscapeLeft UIInterfaceOrientationLandscapeRight";
				INFOPLIST_KEY_UIUserInterfaceStyle = Dark;
				IPHONEOS_DEPLOYMENT_TARGET = 16.0;
				LD_RUNPATH_SEARCH_PATHS = (
					"$(inherited)",
					"@executable_path/Frameworks",
				);
				MARKETING_VERSION = 2.7;
				PRODUCT_BUNDLE_IDENTIFIER = "Michael-Bautista.Atlas";
				PRODUCT_NAME = "$(TARGET_NAME)";
				SUPPORTED_PLATFORMS = "iphoneos iphonesimulator";
				SUPPORTS_MACCATALYST = NO;
				SUPPORTS_MAC_DESIGNED_FOR_IPHONE_IPAD = NO;
				SUPPORTS_XR_DESIGNED_FOR_IPHONE_IPAD = NO;
				SWIFT_EMIT_LOC_STRINGS = YES;
				SWIFT_VERSION = 5.0;
				TARGETED_DEVICE_FAMILY = 1;
			};
			name = Debug;
		};
		89D5A7AD2BA64D110001CFB3 /* Release */ = {
			isa = XCBuildConfiguration;
			buildSettings = {
				ASSETCATALOG_COMPILER_APPICON_NAME = AppIcon;
				ASSETCATALOG_COMPILER_GLOBAL_ACCENT_COLOR_NAME = AccentColor;
				CODE_SIGN_ENTITLEMENTS = Atlas/Atlas.entitlements;
				CODE_SIGN_STYLE = Automatic;
				CURRENT_PROJECT_VERSION = 5;
				DEVELOPMENT_ASSET_PATHS = "\"Atlas/Preview Content\"";
				DEVELOPMENT_TEAM = T2V9U83CKZ;
				ENABLE_PREVIEWS = YES;
				GENERATE_INFOPLIST_FILE = YES;
				INFOPLIST_FILE = Atlas/Info.plist;
				INFOPLIST_KEY_LSApplicationCategoryType = "public.app-category.healthcare-fitness";
				INFOPLIST_KEY_UIApplicationSceneManifest_Generation = YES;
				INFOPLIST_KEY_UIApplicationSupportsIndirectInputEvents = YES;
				INFOPLIST_KEY_UILaunchScreen_Generation = YES;
				INFOPLIST_KEY_UISupportedInterfaceOrientations_iPad = "UIInterfaceOrientationPortrait UIInterfaceOrientationPortraitUpsideDown UIInterfaceOrientationLandscapeLeft UIInterfaceOrientationLandscapeRight";
				INFOPLIST_KEY_UISupportedInterfaceOrientations_iPhone = "UIInterfaceOrientationPortrait UIInterfaceOrientationLandscapeLeft UIInterfaceOrientationLandscapeRight";
				INFOPLIST_KEY_UIUserInterfaceStyle = Dark;
				IPHONEOS_DEPLOYMENT_TARGET = 16.0;
				LD_RUNPATH_SEARCH_PATHS = (
					"$(inherited)",
					"@executable_path/Frameworks",
				);
				MARKETING_VERSION = 2.7;
				PRODUCT_BUNDLE_IDENTIFIER = "Michael-Bautista.Atlas";
				PRODUCT_NAME = "$(TARGET_NAME)";
				SUPPORTED_PLATFORMS = "iphoneos iphonesimulator";
				SUPPORTS_MACCATALYST = NO;
				SUPPORTS_MAC_DESIGNED_FOR_IPHONE_IPAD = NO;
				SUPPORTS_XR_DESIGNED_FOR_IPHONE_IPAD = NO;
				SWIFT_EMIT_LOC_STRINGS = YES;
				SWIFT_VERSION = 5.0;
				TARGETED_DEVICE_FAMILY = 1;
			};
			name = Release;
		};
/* End XCBuildConfiguration section */

/* Begin XCConfigurationList section */
		89D5A7982BA64D100001CFB3 /* Build configuration list for PBXProject "Atlas" */ = {
			isa = XCConfigurationList;
			buildConfigurations = (
				89D5A7A92BA64D110001CFB3 /* Debug */,
				89D5A7AA2BA64D110001CFB3 /* Release */,
			);
			defaultConfigurationIsVisible = 0;
			defaultConfigurationName = Release;
		};
		89D5A7AB2BA64D110001CFB3 /* Build configuration list for PBXNativeTarget "Atlas" */ = {
			isa = XCConfigurationList;
			buildConfigurations = (
				89D5A7AC2BA64D110001CFB3 /* Debug */,
				89D5A7AD2BA64D110001CFB3 /* Release */,
			);
			defaultConfigurationIsVisible = 0;
			defaultConfigurationName = Release;
		};
/* End XCConfigurationList section */

/* Begin XCRemoteSwiftPackageReference section */
		897F09EE2BC7517900E58F4A /* XCRemoteSwiftPackageReference "stripe-ios-spm" */ = {
			isa = XCRemoteSwiftPackageReference;
			repositoryURL = "https://github.com/stripe/stripe-ios-spm";
			requirement = {
				kind = upToNextMajorVersion;
				minimumVersion = 23.27.0;
			};
		};
		897F0A232BDC642F00E58F4A /* XCRemoteSwiftPackageReference "supabase-swift" */ = {
			isa = XCRemoteSwiftPackageReference;
			repositoryURL = "https://github.com/supabase/supabase-swift.git";
			requirement = {
				kind = upToNextMajorVersion;
				minimumVersion = 2.5.1;
			};
		};
/* End XCRemoteSwiftPackageReference section */

/* Begin XCSwiftPackageProductDependency section */
		897F09EF2BC7517900E58F4A /* Stripe */ = {
			isa = XCSwiftPackageProductDependency;
			package = 897F09EE2BC7517900E58F4A /* XCRemoteSwiftPackageReference "stripe-ios-spm" */;
			productName = Stripe;
		};
		897F09F12BC7517900E58F4A /* StripeApplePay */ = {
			isa = XCSwiftPackageProductDependency;
			package = 897F09EE2BC7517900E58F4A /* XCRemoteSwiftPackageReference "stripe-ios-spm" */;
			productName = StripeApplePay;
		};
		897F09F32BC7517900E58F4A /* StripeCardScan */ = {
			isa = XCSwiftPackageProductDependency;
			package = 897F09EE2BC7517900E58F4A /* XCRemoteSwiftPackageReference "stripe-ios-spm" */;
			productName = StripeCardScan;
		};
		897F09F52BC7517900E58F4A /* StripeFinancialConnections */ = {
			isa = XCSwiftPackageProductDependency;
			package = 897F09EE2BC7517900E58F4A /* XCRemoteSwiftPackageReference "stripe-ios-spm" */;
			productName = StripeFinancialConnections;
		};
		897F09F72BC7517900E58F4A /* StripeIdentity */ = {
			isa = XCSwiftPackageProductDependency;
			package = 897F09EE2BC7517900E58F4A /* XCRemoteSwiftPackageReference "stripe-ios-spm" */;
			productName = StripeIdentity;
		};
		897F09F92BC7517900E58F4A /* StripePaymentSheet */ = {
			isa = XCSwiftPackageProductDependency;
			package = 897F09EE2BC7517900E58F4A /* XCRemoteSwiftPackageReference "stripe-ios-spm" */;
			productName = StripePaymentSheet;
		};
		897F09FB2BC7517900E58F4A /* StripePayments */ = {
			isa = XCSwiftPackageProductDependency;
			package = 897F09EE2BC7517900E58F4A /* XCRemoteSwiftPackageReference "stripe-ios-spm" */;
			productName = StripePayments;
		};
		897F09FD2BC7517900E58F4A /* StripePaymentsUI */ = {
			isa = XCSwiftPackageProductDependency;
			package = 897F09EE2BC7517900E58F4A /* XCRemoteSwiftPackageReference "stripe-ios-spm" */;
			productName = StripePaymentsUI;
		};
		897F0A2F2BDC673E00E58F4A /* Supabase */ = {
			isa = XCSwiftPackageProductDependency;
			package = 897F0A232BDC642F00E58F4A /* XCRemoteSwiftPackageReference "supabase-swift" */;
			productName = Supabase;
		};
/* End XCSwiftPackageProductDependency section */
	};
	rootObject = 89D5A7952BA64D100001CFB3 /* Project object */;
}
